// !$*UTF8*$!
{
	archiveVersion = 1;
	classes = {
	};
	objectVersion = 55;
	objects = {

/* Begin PBXBuildFile section */
		EB6A1C7629B4EBFE00C2C219 /* PieChartView.swift in Sources */ = {isa = PBXBuildFile; fileRef = EB6A1C7529B4EBFE00C2C219 /* PieChartView.swift */; };
		EBE586D0283C8DBB004B4C3E /* DataTraffic2App.swift in Sources */ = {isa = PBXBuildFile; fileRef = EBE586CF283C8DBB004B4C3E /* DataTraffic2App.swift */; };
		EBE586D2283C8DBB004B4C3E /* ContentView.swift in Sources */ = {isa = PBXBuildFile; fileRef = EBE586D1283C8DBB004B4C3E /* ContentView.swift */; };
		EBE586D4283C8DBF004B4C3E /* Assets.xcassets in Resources */ = {isa = PBXBuildFile; fileRef = EBE586D3283C8DBF004B4C3E /* Assets.xcassets */; };
		EBE586D7283C8DBF004B4C3E /* Preview Assets.xcassets in Resources */ = {isa = PBXBuildFile; fileRef = EBE586D6283C8DBF004B4C3E /* Preview Assets.xcassets */; };
		EBE586E1283C8DBF004B4C3E /* DataTraffic2Tests.swift in Sources */ = {isa = PBXBuildFile; fileRef = EBE586E0283C8DBF004B4C3E /* DataTraffic2Tests.swift */; };
		EBE586EB283C8DBF004B4C3E /* DataTraffic2UITests.swift in Sources */ = {isa = PBXBuildFile; fileRef = EBE586EA283C8DBF004B4C3E /* DataTraffic2UITests.swift */; };
		EBE586ED283C8DBF004B4C3E /* DataTraffic2UITestsLaunchTests.swift in Sources */ = {isa = PBXBuildFile; fileRef = EBE586EC283C8DBF004B4C3E /* DataTraffic2UITestsLaunchTests.swift */; };
		EBE587002840766E004B4C3E /* WidgetKit.framework in Frameworks */ = {isa = PBXBuildFile; fileRef = EBE586FF2840766E004B4C3E /* WidgetKit.framework */; };
		EBE587022840766E004B4C3E /* SwiftUI.framework in Frameworks */ = {isa = PBXBuildFile; fileRef = EBE587012840766E004B4C3E /* SwiftUI.framework */; };
		EBE587052840766E004B4C3E /* DataTraffic2Widget.swift in Sources */ = {isa = PBXBuildFile; fileRef = EBE587042840766E004B4C3E /* DataTraffic2Widget.swift */; };
		EBE5870828407672004B4C3E /* Assets.xcassets in Resources */ = {isa = PBXBuildFile; fileRef = EBE5870728407672004B4C3E /* Assets.xcassets */; };
		EBE5870A28407673004B4C3E /* DataTraffic2Widget.intentdefinition in Sources */ = {isa = PBXBuildFile; fileRef = EBE587062840766F004B4C3E /* DataTraffic2Widget.intentdefinition */; };
		EBE5870B28407673004B4C3E /* DataTraffic2Widget.intentdefinition in Sources */ = {isa = PBXBuildFile; fileRef = EBE587062840766F004B4C3E /* DataTraffic2Widget.intentdefinition */; };
		EBE5870E28407673004B4C3E /* DataTraffic2WidgetExtension.appex in Embed App Extensions */ = {isa = PBXBuildFile; fileRef = EBE586FD2840766E004B4C3E /* DataTraffic2WidgetExtension.appex */; settings = {ATTRIBUTES = (RemoveHeadersOnCopy, ); }; };
		EBF15BD5299942C4001F63AD /* ConfigView.swift in Sources */ = {isa = PBXBuildFile; fileRef = EBF15BD4299942C4001F63AD /* ConfigView.swift */; };
		EBF15BD72999446B001F63AD /* DataTraffic.swift in Sources */ = {isa = PBXBuildFile; fileRef = EBF15BD62999446B001F63AD /* DataTraffic.swift */; };
/* End PBXBuildFile section */

/* Begin PBXContainerItemProxy section */
		EBE586DD283C8DBF004B4C3E /* PBXContainerItemProxy */ = {
			isa = PBXContainerItemProxy;
			containerPortal = EBE586C4283C8DBB004B4C3E /* Project object */;
			proxyType = 1;
			remoteGlobalIDString = EBE586CB283C8DBB004B4C3E;
			remoteInfo = DataTraffic2;
		};
		EBE586E7283C8DBF004B4C3E /* PBXContainerItemProxy */ = {
			isa = PBXContainerItemProxy;
			containerPortal = EBE586C4283C8DBB004B4C3E /* Project object */;
			proxyType = 1;
			remoteGlobalIDString = EBE586CB283C8DBB004B4C3E;
			remoteInfo = DataTraffic2;
		};
		EBE5870C28407673004B4C3E /* PBXContainerItemProxy */ = {
			isa = PBXContainerItemProxy;
			containerPortal = EBE586C4283C8DBB004B4C3E /* Project object */;
			proxyType = 1;
			remoteGlobalIDString = EBE586FC2840766E004B4C3E;
			remoteInfo = DataTraffic2WidgetExtension;
		};
/* End PBXContainerItemProxy section */

/* Begin PBXCopyFilesBuildPhase section */
		EBE5870F28407673004B4C3E /* Embed App Extensions */ = {
			isa = PBXCopyFilesBuildPhase;
			buildActionMask = 2147483647;
			dstPath = "";
			dstSubfolderSpec = 13;
			files = (
				EBE5870E28407673004B4C3E /* DataTraffic2WidgetExtension.appex in Embed App Extensions */,
			);
			name = "Embed App Extensions";
			runOnlyForDeploymentPostprocessing = 0;
		};
/* End PBXCopyFilesBuildPhase section */

/* Begin PBXFileReference section */
		EB6A1C7529B4EBFE00C2C219 /* PieChartView.swift */ = {isa = PBXFileReference; lastKnownFileType = sourcecode.swift; path = PieChartView.swift; sourceTree = "<group>"; };
		EBC58A4628F02DAE00389111 /* DataTraffic2.entitlements */ = {isa = PBXFileReference; lastKnownFileType = text.plist.entitlements; path = DataTraffic2.entitlements; sourceTree = "<group>"; };
		EBC58A4728F02E5000389111 /* DataTraffic2WidgetExtension.entitlements */ = {isa = PBXFileReference; lastKnownFileType = text.plist.entitlements; path = DataTraffic2WidgetExtension.entitlements; sourceTree = "<group>"; };
		EBE586CC283C8DBB004B4C3E /* データ通信量.app */ = {isa = PBXFileReference; explicitFileType = wrapper.application; includeInIndex = 0; path = "データ通信量.app"; sourceTree = BUILT_PRODUCTS_DIR; };
		EBE586CF283C8DBB004B4C3E /* DataTraffic2App.swift */ = {isa = PBXFileReference; lastKnownFileType = sourcecode.swift; path = DataTraffic2App.swift; sourceTree = "<group>"; };
		EBE586D1283C8DBB004B4C3E /* ContentView.swift */ = {isa = PBXFileReference; lastKnownFileType = sourcecode.swift; path = ContentView.swift; sourceTree = "<group>"; };
		EBE586D3283C8DBF004B4C3E /* Assets.xcassets */ = {isa = PBXFileReference; lastKnownFileType = folder.assetcatalog; path = Assets.xcassets; sourceTree = "<group>"; };
		EBE586D6283C8DBF004B4C3E /* Preview Assets.xcassets */ = {isa = PBXFileReference; lastKnownFileType = folder.assetcatalog; path = "Preview Assets.xcassets"; sourceTree = "<group>"; };
		EBE586DC283C8DBF004B4C3E /* DataTraffic2Tests.xctest */ = {isa = PBXFileReference; explicitFileType = wrapper.cfbundle; includeInIndex = 0; path = DataTraffic2Tests.xctest; sourceTree = BUILT_PRODUCTS_DIR; };
		EBE586E0283C8DBF004B4C3E /* DataTraffic2Tests.swift */ = {isa = PBXFileReference; lastKnownFileType = sourcecode.swift; path = DataTraffic2Tests.swift; sourceTree = "<group>"; };
		EBE586E6283C8DBF004B4C3E /* DataTraffic2UITests.xctest */ = {isa = PBXFileReference; explicitFileType = wrapper.cfbundle; includeInIndex = 0; path = DataTraffic2UITests.xctest; sourceTree = BUILT_PRODUCTS_DIR; };
		EBE586EA283C8DBF004B4C3E /* DataTraffic2UITests.swift */ = {isa = PBXFileReference; lastKnownFileType = sourcecode.swift; path = DataTraffic2UITests.swift; sourceTree = "<group>"; };
		EBE586EC283C8DBF004B4C3E /* DataTraffic2UITestsLaunchTests.swift */ = {isa = PBXFileReference; lastKnownFileType = sourcecode.swift; path = DataTraffic2UITestsLaunchTests.swift; sourceTree = "<group>"; };
		EBE586FD2840766E004B4C3E /* DataTraffic2WidgetExtension.appex */ = {isa = PBXFileReference; explicitFileType = "wrapper.app-extension"; includeInIndex = 0; path = DataTraffic2WidgetExtension.appex; sourceTree = BUILT_PRODUCTS_DIR; };
		EBE586FF2840766E004B4C3E /* WidgetKit.framework */ = {isa = PBXFileReference; lastKnownFileType = wrapper.framework; name = WidgetKit.framework; path = System/Library/Frameworks/WidgetKit.framework; sourceTree = SDKROOT; };
		EBE587012840766E004B4C3E /* SwiftUI.framework */ = {isa = PBXFileReference; lastKnownFileType = wrapper.framework; name = SwiftUI.framework; path = System/Library/Frameworks/SwiftUI.framework; sourceTree = SDKROOT; };
		EBE587042840766E004B4C3E /* DataTraffic2Widget.swift */ = {isa = PBXFileReference; lastKnownFileType = sourcecode.swift; path = DataTraffic2Widget.swift; sourceTree = "<group>"; };
		EBE587062840766F004B4C3E /* DataTraffic2Widget.intentdefinition */ = {isa = PBXFileReference; lastKnownFileType = file.intentdefinition; path = DataTraffic2Widget.intentdefinition; sourceTree = "<group>"; };
		EBE5870728407672004B4C3E /* Assets.xcassets */ = {isa = PBXFileReference; lastKnownFileType = folder.assetcatalog; path = Assets.xcassets; sourceTree = "<group>"; };
		EBE5870928407673004B4C3E /* Info.plist */ = {isa = PBXFileReference; lastKnownFileType = text.plist.xml; path = Info.plist; sourceTree = "<group>"; };
		EBF15BD4299942C4001F63AD /* ConfigView.swift */ = {isa = PBXFileReference; lastKnownFileType = sourcecode.swift; path = ConfigView.swift; sourceTree = "<group>"; };
		EBF15BD62999446B001F63AD /* DataTraffic.swift */ = {isa = PBXFileReference; lastKnownFileType = sourcecode.swift; path = DataTraffic.swift; sourceTree = "<group>"; };
/* End PBXFileReference section */

/* Begin PBXFrameworksBuildPhase section */
		EBE586C9283C8DBB004B4C3E /* Frameworks */ = {
			isa = PBXFrameworksBuildPhase;
			buildActionMask = 2147483647;
			files = (
			);
			runOnlyForDeploymentPostprocessing = 0;
		};
		EBE586D9283C8DBF004B4C3E /* Frameworks */ = {
			isa = PBXFrameworksBuildPhase;
			buildActionMask = 2147483647;
			files = (
			);
			runOnlyForDeploymentPostprocessing = 0;
		};
		EBE586E3283C8DBF004B4C3E /* Frameworks */ = {
			isa = PBXFrameworksBuildPhase;
			buildActionMask = 2147483647;
			files = (
			);
			runOnlyForDeploymentPostprocessing = 0;
		};
		EBE586FA2840766E004B4C3E /* Frameworks */ = {
			isa = PBXFrameworksBuildPhase;
			buildActionMask = 2147483647;
			files = (
				EBE587022840766E004B4C3E /* SwiftUI.framework in Frameworks */,
				EBE587002840766E004B4C3E /* WidgetKit.framework in Frameworks */,
			);
			runOnlyForDeploymentPostprocessing = 0;
		};
/* End PBXFrameworksBuildPhase section */

/* Begin PBXGroup section */
		EBE586C3283C8DBB004B4C3E = {
			isa = PBXGroup;
			children = (
				EBC58A4728F02E5000389111 /* DataTraffic2WidgetExtension.entitlements */,
				EBE586CE283C8DBB004B4C3E /* DataTraffic2 */,
				EBE586DF283C8DBF004B4C3E /* DataTraffic2Tests */,
				EBE586E9283C8DBF004B4C3E /* DataTraffic2UITests */,
				EBE587032840766E004B4C3E /* DataTraffic2Widget */,
				EBE586FE2840766E004B4C3E /* Frameworks */,
				EBE586CD283C8DBB004B4C3E /* Products */,
			);
			sourceTree = "<group>";
		};
		EBE586CD283C8DBB004B4C3E /* Products */ = {
			isa = PBXGroup;
			children = (
				EBE586CC283C8DBB004B4C3E /* データ通信量.app */,
				EBE586DC283C8DBF004B4C3E /* DataTraffic2Tests.xctest */,
				EBE586E6283C8DBF004B4C3E /* DataTraffic2UITests.xctest */,
				EBE586FD2840766E004B4C3E /* DataTraffic2WidgetExtension.appex */,
			);
			name = Products;
			sourceTree = "<group>";
		};
		EBE586CE283C8DBB004B4C3E /* DataTraffic2 */ = {
			isa = PBXGroup;
			children = (
				EBC58A4628F02DAE00389111 /* DataTraffic2.entitlements */,
				EBE586CF283C8DBB004B4C3E /* DataTraffic2App.swift */,
				EBE586D1283C8DBB004B4C3E /* ContentView.swift */,
				EB6A1C7529B4EBFE00C2C219 /* PieChartView.swift */,
				EBF15BD4299942C4001F63AD /* ConfigView.swift */,
				EBF15BD62999446B001F63AD /* DataTraffic.swift */,
				EBE586D3283C8DBF004B4C3E /* Assets.xcassets */,
				EBE586D5283C8DBF004B4C3E /* Preview Content */,
			);
			path = DataTraffic2;
			sourceTree = "<group>";
		};
		EBE586D5283C8DBF004B4C3E /* Preview Content */ = {
			isa = PBXGroup;
			children = (
				EBE586D6283C8DBF004B4C3E /* Preview Assets.xcassets */,
			);
			path = "Preview Content";
			sourceTree = "<group>";
		};
		EBE586DF283C8DBF004B4C3E /* DataTraffic2Tests */ = {
			isa = PBXGroup;
			children = (
				EBE586E0283C8DBF004B4C3E /* DataTraffic2Tests.swift */,
			);
			path = DataTraffic2Tests;
			sourceTree = "<group>";
		};
		EBE586E9283C8DBF004B4C3E /* DataTraffic2UITests */ = {
			isa = PBXGroup;
			children = (
				EBE586EA283C8DBF004B4C3E /* DataTraffic2UITests.swift */,
				EBE586EC283C8DBF004B4C3E /* DataTraffic2UITestsLaunchTests.swift */,
			);
			path = DataTraffic2UITests;
			sourceTree = "<group>";
		};
		EBE586FE2840766E004B4C3E /* Frameworks */ = {
			isa = PBXGroup;
			children = (
				EBE586FF2840766E004B4C3E /* WidgetKit.framework */,
				EBE587012840766E004B4C3E /* SwiftUI.framework */,
			);
			name = Frameworks;
			sourceTree = "<group>";
		};
		EBE587032840766E004B4C3E /* DataTraffic2Widget */ = {
			isa = PBXGroup;
			children = (
				EBE587042840766E004B4C3E /* DataTraffic2Widget.swift */,
				EBE587062840766F004B4C3E /* DataTraffic2Widget.intentdefinition */,
				EBE5870728407672004B4C3E /* Assets.xcassets */,
				EBE5870928407673004B4C3E /* Info.plist */,
			);
			path = DataTraffic2Widget;
			sourceTree = "<group>";
		};
/* End PBXGroup section */

/* Begin PBXNativeTarget section */
		EBE586CB283C8DBB004B4C3E /* DataTraffic2 */ = {
			isa = PBXNativeTarget;
			buildConfigurationList = EBE586F0283C8DBF004B4C3E /* Build configuration list for PBXNativeTarget "DataTraffic2" */;
			buildPhases = (
				EBE586C8283C8DBB004B4C3E /* Sources */,
				EBE586C9283C8DBB004B4C3E /* Frameworks */,
				EBE586CA283C8DBB004B4C3E /* Resources */,
				EBE5870F28407673004B4C3E /* Embed App Extensions */,
			);
			buildRules = (
			);
			dependencies = (
				EBE5870D28407673004B4C3E /* PBXTargetDependency */,
			);
			name = DataTraffic2;
			productName = DataTraffic2;
			productReference = EBE586CC283C8DBB004B4C3E /* データ通信量.app */;
			productType = "com.apple.product-type.application";
		};
		EBE586DB283C8DBF004B4C3E /* DataTraffic2Tests */ = {
			isa = PBXNativeTarget;
			buildConfigurationList = EBE586F3283C8DBF004B4C3E /* Build configuration list for PBXNativeTarget "DataTraffic2Tests" */;
			buildPhases = (
				EBE586D8283C8DBF004B4C3E /* Sources */,
				EBE586D9283C8DBF004B4C3E /* Frameworks */,
				EBE586DA283C8DBF004B4C3E /* Resources */,
			);
			buildRules = (
			);
			dependencies = (
				EBE586DE283C8DBF004B4C3E /* PBXTargetDependency */,
			);
			name = DataTraffic2Tests;
			productName = DataTraffic2Tests;
			productReference = EBE586DC283C8DBF004B4C3E /* DataTraffic2Tests.xctest */;
			productType = "com.apple.product-type.bundle.unit-test";
		};
		EBE586E5283C8DBF004B4C3E /* DataTraffic2UITests */ = {
			isa = PBXNativeTarget;
			buildConfigurationList = EBE586F6283C8DBF004B4C3E /* Build configuration list for PBXNativeTarget "DataTraffic2UITests" */;
			buildPhases = (
				EBE586E2283C8DBF004B4C3E /* Sources */,
				EBE586E3283C8DBF004B4C3E /* Frameworks */,
				EBE586E4283C8DBF004B4C3E /* Resources */,
			);
			buildRules = (
			);
			dependencies = (
				EBE586E8283C8DBF004B4C3E /* PBXTargetDependency */,
			);
			name = DataTraffic2UITests;
			productName = DataTraffic2UITests;
			productReference = EBE586E6283C8DBF004B4C3E /* DataTraffic2UITests.xctest */;
			productType = "com.apple.product-type.bundle.ui-testing";
		};
		EBE586FC2840766E004B4C3E /* DataTraffic2WidgetExtension */ = {
			isa = PBXNativeTarget;
			buildConfigurationList = EBE5871228407673004B4C3E /* Build configuration list for PBXNativeTarget "DataTraffic2WidgetExtension" */;
			buildPhases = (
				EBE586F92840766E004B4C3E /* Sources */,
				EBE586FA2840766E004B4C3E /* Frameworks */,
				EBE586FB2840766E004B4C3E /* Resources */,
			);
			buildRules = (
			);
			dependencies = (
			);
			name = DataTraffic2WidgetExtension;
			productName = DataTraffic2WidgetExtension;
			productReference = EBE586FD2840766E004B4C3E /* DataTraffic2WidgetExtension.appex */;
			productType = "com.apple.product-type.app-extension";
		};
/* End PBXNativeTarget section */

/* Begin PBXProject section */
		EBE586C4283C8DBB004B4C3E /* Project object */ = {
			isa = PBXProject;
			attributes = {
				BuildIndependentTargetsInParallel = 1;
				LastSwiftUpdateCheck = 1340;
				LastUpgradeCheck = 1340;
				TargetAttributes = {
					EBE586CB283C8DBB004B4C3E = {
						CreatedOnToolsVersion = 13.4;
					};
					EBE586DB283C8DBF004B4C3E = {
						CreatedOnToolsVersion = 13.4;
						TestTargetID = EBE586CB283C8DBB004B4C3E;
					};
					EBE586E5283C8DBF004B4C3E = {
						CreatedOnToolsVersion = 13.4;
						TestTargetID = EBE586CB283C8DBB004B4C3E;
					};
					EBE586FC2840766E004B4C3E = {
						CreatedOnToolsVersion = 13.4;
					};
				};
			};
			buildConfigurationList = EBE586C7283C8DBB004B4C3E /* Build configuration list for PBXProject "DataTraffic2" */;
			compatibilityVersion = "Xcode 13.0";
			developmentRegion = en;
			hasScannedForEncodings = 0;
			knownRegions = (
				en,
				Base,
			);
			mainGroup = EBE586C3283C8DBB004B4C3E;
			productRefGroup = EBE586CD283C8DBB004B4C3E /* Products */;
			projectDirPath = "";
			projectRoot = "";
			targets = (
				EBE586CB283C8DBB004B4C3E /* DataTraffic2 */,
				EBE586DB283C8DBF004B4C3E /* DataTraffic2Tests */,
				EBE586E5283C8DBF004B4C3E /* DataTraffic2UITests */,
				EBE586FC2840766E004B4C3E /* DataTraffic2WidgetExtension */,
			);
		};
/* End PBXProject section */

/* Begin PBXResourcesBuildPhase section */
		EBE586CA283C8DBB004B4C3E /* Resources */ = {
			isa = PBXResourcesBuildPhase;
			buildActionMask = 2147483647;
			files = (
				EBE586D7283C8DBF004B4C3E /* Preview Assets.xcassets in Resources */,
				EBE586D4283C8DBF004B4C3E /* Assets.xcassets in Resources */,
			);
			runOnlyForDeploymentPostprocessing = 0;
		};
		EBE586DA283C8DBF004B4C3E /* Resources */ = {
			isa = PBXResourcesBuildPhase;
			buildActionMask = 2147483647;
			files = (
			);
			runOnlyForDeploymentPostprocessing = 0;
		};
		EBE586E4283C8DBF004B4C3E /* Resources */ = {
			isa = PBXResourcesBuildPhase;
			buildActionMask = 2147483647;
			files = (
			);
			runOnlyForDeploymentPostprocessing = 0;
		};
		EBE586FB2840766E004B4C3E /* Resources */ = {
			isa = PBXResourcesBuildPhase;
			buildActionMask = 2147483647;
			files = (
				EBE5870828407672004B4C3E /* Assets.xcassets in Resources */,
			);
			runOnlyForDeploymentPostprocessing = 0;
		};
/* End PBXResourcesBuildPhase section */

/* Begin PBXSourcesBuildPhase section */
		EBE586C8283C8DBB004B4C3E /* Sources */ = {
			isa = PBXSourcesBuildPhase;
			buildActionMask = 2147483647;
			files = (
				EB6A1C7629B4EBFE00C2C219 /* PieChartView.swift in Sources */,
				EBF15BD5299942C4001F63AD /* ConfigView.swift in Sources */,
				EBE5870B28407673004B4C3E /* DataTraffic2Widget.intentdefinition in Sources */,
				EBF15BD72999446B001F63AD /* DataTraffic.swift in Sources */,
				EBE586D2283C8DBB004B4C3E /* ContentView.swift in Sources */,
				EBE586D0283C8DBB004B4C3E /* DataTraffic2App.swift in Sources */,
			);
			runOnlyForDeploymentPostprocessing = 0;
		};
		EBE586D8283C8DBF004B4C3E /* Sources */ = {
			isa = PBXSourcesBuildPhase;
			buildActionMask = 2147483647;
			files = (
				EBE586E1283C8DBF004B4C3E /* DataTraffic2Tests.swift in Sources */,
			);
			runOnlyForDeploymentPostprocessing = 0;
		};
		EBE586E2283C8DBF004B4C3E /* Sources */ = {
			isa = PBXSourcesBuildPhase;
			buildActionMask = 2147483647;
			files = (
				EBE586EB283C8DBF004B4C3E /* DataTraffic2UITests.swift in Sources */,
				EBE586ED283C8DBF004B4C3E /* DataTraffic2UITestsLaunchTests.swift in Sources */,
			);
			runOnlyForDeploymentPostprocessing = 0;
		};
		EBE586F92840766E004B4C3E /* Sources */ = {
			isa = PBXSourcesBuildPhase;
			buildActionMask = 2147483647;
			files = (
				EBE587052840766E004B4C3E /* DataTraffic2Widget.swift in Sources */,
				EBE5870A28407673004B4C3E /* DataTraffic2Widget.intentdefinition in Sources */,
			);
			runOnlyForDeploymentPostprocessing = 0;
		};
/* End PBXSourcesBuildPhase section */

/* Begin PBXTargetDependency section */
		EBE586DE283C8DBF004B4C3E /* PBXTargetDependency */ = {
			isa = PBXTargetDependency;
			target = EBE586CB283C8DBB004B4C3E /* DataTraffic2 */;
			targetProxy = EBE586DD283C8DBF004B4C3E /* PBXContainerItemProxy */;
		};
		EBE586E8283C8DBF004B4C3E /* PBXTargetDependency */ = {
			isa = PBXTargetDependency;
			target = EBE586CB283C8DBB004B4C3E /* DataTraffic2 */;
			targetProxy = EBE586E7283C8DBF004B4C3E /* PBXContainerItemProxy */;
		};
		EBE5870D28407673004B4C3E /* PBXTargetDependency */ = {
			isa = PBXTargetDependency;
			target = EBE586FC2840766E004B4C3E /* DataTraffic2WidgetExtension */;
			targetProxy = EBE5870C28407673004B4C3E /* PBXContainerItemProxy */;
		};
/* End PBXTargetDependency section */

/* Begin XCBuildConfiguration section */
		EBE586EE283C8DBF004B4C3E /* Debug */ = {
			isa = XCBuildConfiguration;
			buildSettings = {
				ALWAYS_SEARCH_USER_PATHS = NO;
				CLANG_ANALYZER_NONNULL = YES;
				CLANG_ANALYZER_NUMBER_OBJECT_CONVERSION = YES_AGGRESSIVE;
				CLANG_CXX_LANGUAGE_STANDARD = "gnu++17";
				CLANG_ENABLE_MODULES = YES;
				CLANG_ENABLE_OBJC_ARC = YES;
				CLANG_ENABLE_OBJC_WEAK = YES;
				CLANG_WARN_BLOCK_CAPTURE_AUTORELEASING = YES;
				CLANG_WARN_BOOL_CONVERSION = YES;
				CLANG_WARN_COMMA = YES;
				CLANG_WARN_CONSTANT_CONVERSION = YES;
				CLANG_WARN_DEPRECATED_OBJC_IMPLEMENTATIONS = YES;
				CLANG_WARN_DIRECT_OBJC_ISA_USAGE = YES_ERROR;
				CLANG_WARN_DOCUMENTATION_COMMENTS = YES;
				CLANG_WARN_EMPTY_BODY = YES;
				CLANG_WARN_ENUM_CONVERSION = YES;
				CLANG_WARN_INFINITE_RECURSION = YES;
				CLANG_WARN_INT_CONVERSION = YES;
				CLANG_WARN_NON_LITERAL_NULL_CONVERSION = YES;
				CLANG_WARN_OBJC_IMPLICIT_RETAIN_SELF = YES;
				CLANG_WARN_OBJC_LITERAL_CONVERSION = YES;
				CLANG_WARN_OBJC_ROOT_CLASS = YES_ERROR;
				CLANG_WARN_QUOTED_INCLUDE_IN_FRAMEWORK_HEADER = YES;
				CLANG_WARN_RANGE_LOOP_ANALYSIS = YES;
				CLANG_WARN_STRICT_PROTOTYPES = YES;
				CLANG_WARN_SUSPICIOUS_MOVE = YES;
				CLANG_WARN_UNGUARDED_AVAILABILITY = YES_AGGRESSIVE;
				CLANG_WARN_UNREACHABLE_CODE = YES;
				CLANG_WARN__DUPLICATE_METHOD_MATCH = YES;
				COPY_PHASE_STRIP = NO;
				DEBUG_INFORMATION_FORMAT = dwarf;
				ENABLE_STRICT_OBJC_MSGSEND = YES;
				ENABLE_TESTABILITY = YES;
				GCC_C_LANGUAGE_STANDARD = gnu11;
				GCC_DYNAMIC_NO_PIC = NO;
				GCC_NO_COMMON_BLOCKS = YES;
				GCC_OPTIMIZATION_LEVEL = 0;
				GCC_PREPROCESSOR_DEFINITIONS = (
					"DEBUG=1",
					"$(inherited)",
				);
				GCC_WARN_64_TO_32_BIT_CONVERSION = YES;
				GCC_WARN_ABOUT_RETURN_TYPE = YES_ERROR;
				GCC_WARN_UNDECLARED_SELECTOR = YES;
				GCC_WARN_UNINITIALIZED_AUTOS = YES_AGGRESSIVE;
				GCC_WARN_UNUSED_FUNCTION = YES;
				GCC_WARN_UNUSED_VARIABLE = YES;
				IPHONEOS_DEPLOYMENT_TARGET = 15.5;
				MTL_ENABLE_DEBUG_INFO = INCLUDE_SOURCE;
				MTL_FAST_MATH = YES;
				ONLY_ACTIVE_ARCH = YES;
				SDKROOT = iphoneos;
				SWIFT_ACTIVE_COMPILATION_CONDITIONS = DEBUG;
				SWIFT_OPTIMIZATION_LEVEL = "-Onone";
			};
			name = Debug;
		};
		EBE586EF283C8DBF004B4C3E /* Release */ = {
			isa = XCBuildConfiguration;
			buildSettings = {
				ALWAYS_SEARCH_USER_PATHS = NO;
				CLANG_ANALYZER_NONNULL = YES;
				CLANG_ANALYZER_NUMBER_OBJECT_CONVERSION = YES_AGGRESSIVE;
				CLANG_CXX_LANGUAGE_STANDARD = "gnu++17";
				CLANG_ENABLE_MODULES = YES;
				CLANG_ENABLE_OBJC_ARC = YES;
				CLANG_ENABLE_OBJC_WEAK = YES;
				CLANG_WARN_BLOCK_CAPTURE_AUTORELEASING = YES;
				CLANG_WARN_BOOL_CONVERSION = YES;
				CLANG_WARN_COMMA = YES;
				CLANG_WARN_CONSTANT_CONVERSION = YES;
				CLANG_WARN_DEPRECATED_OBJC_IMPLEMENTATIONS = YES;
				CLANG_WARN_DIRECT_OBJC_ISA_USAGE = YES_ERROR;
				CLANG_WARN_DOCUMENTATION_COMMENTS = YES;
				CLANG_WARN_EMPTY_BODY = YES;
				CLANG_WARN_ENUM_CONVERSION = YES;
				CLANG_WARN_INFINITE_RECURSION = YES;
				CLANG_WARN_INT_CONVERSION = YES;
				CLANG_WARN_NON_LITERAL_NULL_CONVERSION = YES;
				CLANG_WARN_OBJC_IMPLICIT_RETAIN_SELF = YES;
				CLANG_WARN_OBJC_LITERAL_CONVERSION = YES;
				CLANG_WARN_OBJC_ROOT_CLASS = YES_ERROR;
				CLANG_WARN_QUOTED_INCLUDE_IN_FRAMEWORK_HEADER = YES;
				CLANG_WARN_RANGE_LOOP_ANALYSIS = YES;
				CLANG_WARN_STRICT_PROTOTYPES = YES;
				CLANG_WARN_SUSPICIOUS_MOVE = YES;
				CLANG_WARN_UNGUARDED_AVAILABILITY = YES_AGGRESSIVE;
				CLANG_WARN_UNREACHABLE_CODE = YES;
				CLANG_WARN__DUPLICATE_METHOD_MATCH = YES;
				COPY_PHASE_STRIP = NO;
				DEBUG_INFORMATION_FORMAT = "dwarf-with-dsym";
				ENABLE_NS_ASSERTIONS = NO;
				ENABLE_STRICT_OBJC_MSGSEND = YES;
				GCC_C_LANGUAGE_STANDARD = gnu11;
				GCC_NO_COMMON_BLOCKS = YES;
				GCC_WARN_64_TO_32_BIT_CONVERSION = YES;
				GCC_WARN_ABOUT_RETURN_TYPE = YES_ERROR;
				GCC_WARN_UNDECLARED_SELECTOR = YES;
				GCC_WARN_UNINITIALIZED_AUTOS = YES_AGGRESSIVE;
				GCC_WARN_UNUSED_FUNCTION = YES;
				GCC_WARN_UNUSED_VARIABLE = YES;
				IPHONEOS_DEPLOYMENT_TARGET = 15.5;
				MTL_ENABLE_DEBUG_INFO = NO;
				MTL_FAST_MATH = YES;
				SDKROOT = iphoneos;
				SWIFT_COMPILATION_MODE = wholemodule;
				SWIFT_OPTIMIZATION_LEVEL = "-O";
				VALIDATE_PRODUCT = YES;
			};
			name = Release;
		};
		EBE586F1283C8DBF004B4C3E /* Debug */ = {
			isa = XCBuildConfiguration;
			buildSettings = {
				ALWAYS_EMBED_SWIFT_STANDARD_LIBRARIES = YES;
				ASSETCATALOG_COMPILER_APPICON_NAME = AppIcon;
				ASSETCATALOG_COMPILER_GLOBAL_ACCENT_COLOR_NAME = AccentColor;
				CODE_SIGN_ENTITLEMENTS = DataTraffic2/DataTraffic2.entitlements;
				CODE_SIGN_STYLE = Automatic;
				CURRENT_PROJECT_VERSION = 11;
				DEVELOPMENT_ASSET_PATHS = "\"DataTraffic2/Preview Content\"";
				DEVELOPMENT_TEAM = CZNP3969US;
				ENABLE_PREVIEWS = YES;
				GENERATE_INFOPLIST_FILE = YES;
				INFOPLIST_KEY_UIApplicationSceneManifest_Generation = YES;
				INFOPLIST_KEY_UIApplicationSupportsIndirectInputEvents = YES;
				INFOPLIST_KEY_UILaunchScreen_Generation = YES;
				INFOPLIST_KEY_UISupportedInterfaceOrientations_iPad = "UIInterfaceOrientationPortrait UIInterfaceOrientationPortraitUpsideDown UIInterfaceOrientationLandscapeLeft UIInterfaceOrientationLandscapeRight";
				INFOPLIST_KEY_UISupportedInterfaceOrientations_iPhone = "UIInterfaceOrientationPortrait UIInterfaceOrientationLandscapeLeft UIInterfaceOrientationLandscapeRight";
				LD_RUNPATH_SEARCH_PATHS = (
					"$(inherited)",
					"@executable_path/Frameworks",
				);
				MARKETING_VERSION = "Alpha 2.2.0";
				PRODUCT_BUNDLE_IDENTIFIER = com.niwa.DataTraffic2;
				PRODUCT_NAME = "データ通信量";
				SWIFT_EMIT_LOC_STRINGS = YES;
				SWIFT_VERSION = 5.0;
				TARGETED_DEVICE_FAMILY = "1,2";
			};
			name = Debug;
		};
		EBE586F2283C8DBF004B4C3E /* Release */ = {
			isa = XCBuildConfiguration;
			buildSettings = {
				ALWAYS_EMBED_SWIFT_STANDARD_LIBRARIES = YES;
				ASSETCATALOG_COMPILER_APPICON_NAME = AppIcon;
				ASSETCATALOG_COMPILER_GLOBAL_ACCENT_COLOR_NAME = AccentColor;
				CODE_SIGN_ENTITLEMENTS = DataTraffic2/DataTraffic2.entitlements;
				CODE_SIGN_STYLE = Automatic;
				CURRENT_PROJECT_VERSION = 11;
				DEVELOPMENT_ASSET_PATHS = "\"DataTraffic2/Preview Content\"";
				DEVELOPMENT_TEAM = CZNP3969US;
				ENABLE_PREVIEWS = YES;
				GENERATE_INFOPLIST_FILE = YES;
				INFOPLIST_KEY_UIApplicationSceneManifest_Generation = YES;
				INFOPLIST_KEY_UIApplicationSupportsIndirectInputEvents = YES;
				INFOPLIST_KEY_UILaunchScreen_Generation = YES;
				INFOPLIST_KEY_UISupportedInterfaceOrientations_iPad = "UIInterfaceOrientationPortrait UIInterfaceOrientationPortraitUpsideDown UIInterfaceOrientationLandscapeLeft UIInterfaceOrientationLandscapeRight";
				INFOPLIST_KEY_UISupportedInterfaceOrientations_iPhone = "UIInterfaceOrientationPortrait UIInterfaceOrientationLandscapeLeft UIInterfaceOrientationLandscapeRight";
				LD_RUNPATH_SEARCH_PATHS = (
					"$(inherited)",
					"@executable_path/Frameworks",
				);
				MARKETING_VERSION = "Alpha 2.2.0";
				PRODUCT_BUNDLE_IDENTIFIER = com.niwa.DataTraffic2;
				PRODUCT_NAME = "データ通信量";
				SWIFT_EMIT_LOC_STRINGS = YES;
				SWIFT_VERSION = 5.0;
				TARGETED_DEVICE_FAMILY = "1,2";
			};
			name = Release;
		};
		EBE586F4283C8DBF004B4C3E /* Debug */ = {
			isa = XCBuildConfiguration;
			buildSettings = {
				ALWAYS_EMBED_SWIFT_STANDARD_LIBRARIES = YES;
				BUNDLE_LOADER = "$(TEST_HOST)";
				CODE_SIGN_STYLE = Automatic;
				CURRENT_PROJECT_VERSION = 1;
				DEVELOPMENT_TEAM = CZNP3969US;
				GENERATE_INFOPLIST_FILE = YES;
				IPHONEOS_DEPLOYMENT_TARGET = 15.5;
				MARKETING_VERSION = 1.0;
				PRODUCT_BUNDLE_IDENTIFIER = com.niwa.DataTraffic2Tests;
				PRODUCT_NAME = "$(TARGET_NAME)";
				SWIFT_EMIT_LOC_STRINGS = NO;
				SWIFT_VERSION = 5.0;
				TARGETED_DEVICE_FAMILY = "1,2";
				TEST_HOST = "$(BUILT_PRODUCTS_DIR)/DataTraffic2.app/DataTraffic2";
			};
			name = Debug;
		};
		EBE586F5283C8DBF004B4C3E /* Release */ = {
			isa = XCBuildConfiguration;
			buildSettings = {
				ALWAYS_EMBED_SWIFT_STANDARD_LIBRARIES = YES;
				BUNDLE_LOADER = "$(TEST_HOST)";
				CODE_SIGN_STYLE = Automatic;
				CURRENT_PROJECT_VERSION = 1;
				DEVELOPMENT_TEAM = CZNP3969US;
				GENERATE_INFOPLIST_FILE = YES;
				IPHONEOS_DEPLOYMENT_TARGET = 15.5;
				MARKETING_VERSION = 1.0;
				PRODUCT_BUNDLE_IDENTIFIER = com.niwa.DataTraffic2Tests;
				PRODUCT_NAME = "$(TARGET_NAME)";
				SWIFT_EMIT_LOC_STRINGS = NO;
				SWIFT_VERSION = 5.0;
				TARGETED_DEVICE_FAMILY = "1,2";
				TEST_HOST = "$(BUILT_PRODUCTS_DIR)/DataTraffic2.app/DataTraffic2";
			};
			name = Release;
		};
		EBE586F7283C8DBF004B4C3E /* Debug */ = {
			isa = XCBuildConfiguration;
			buildSettings = {
				ALWAYS_EMBED_SWIFT_STANDARD_LIBRARIES = YES;
				CODE_SIGN_STYLE = Automatic;
				CURRENT_PROJECT_VERSION = 1;
				DEVELOPMENT_TEAM = CZNP3969US;
				GENERATE_INFOPLIST_FILE = YES;
				MARKETING_VERSION = 1.0;
				PRODUCT_BUNDLE_IDENTIFIER = com.niwa.DataTraffic2UITests;
				PRODUCT_NAME = "$(TARGET_NAME)";
				SWIFT_EMIT_LOC_STRINGS = NO;
				SWIFT_VERSION = 5.0;
				TARGETED_DEVICE_FAMILY = "1,2";
				TEST_TARGET_NAME = DataTraffic2;
			};
			name = Debug;
		};
		EBE586F8283C8DBF004B4C3E /* Release */ = {
			isa = XCBuildConfiguration;
			buildSettings = {
				ALWAYS_EMBED_SWIFT_STANDARD_LIBRARIES = YES;
				CODE_SIGN_STYLE = Automatic;
				CURRENT_PROJECT_VERSION = 1;
				DEVELOPMENT_TEAM = CZNP3969US;
				GENERATE_INFOPLIST_FILE = YES;
				MARKETING_VERSION = 1.0;
				PRODUCT_BUNDLE_IDENTIFIER = com.niwa.DataTraffic2UITests;
				PRODUCT_NAME = "$(TARGET_NAME)";
				SWIFT_EMIT_LOC_STRINGS = NO;
				SWIFT_VERSION = 5.0;
				TARGETED_DEVICE_FAMILY = "1,2";
				TEST_TARGET_NAME = DataTraffic2;
			};
			name = Release;
		};
		EBE5871028407673004B4C3E /* Debug */ = {
			isa = XCBuildConfiguration;
			buildSettings = {
				ASSETCATALOG_COMPILER_GLOBAL_ACCENT_COLOR_NAME = AccentColor;
				ASSETCATALOG_COMPILER_WIDGET_BACKGROUND_COLOR_NAME = WidgetBackground;
				CODE_SIGN_ENTITLEMENTS = DataTraffic2WidgetExtension.entitlements;
				CODE_SIGN_STYLE = Automatic;
				CURRENT_PROJECT_VERSION = 1;
				DEVELOPMENT_TEAM = CZNP3969US;
				GENERATE_INFOPLIST_FILE = YES;
				INFOPLIST_FILE = DataTraffic2Widget/Info.plist;
				INFOPLIST_KEY_CFBundleDisplayName = DataTraffic2Widget;
				INFOPLIST_KEY_NSHumanReadableCopyright = "";
				LD_RUNPATH_SEARCH_PATHS = (
					"$(inherited)",
					"@executable_path/Frameworks",
					"@executable_path/../../Frameworks",
				);
				MARKETING_VERSION = 1.0;
				PRODUCT_BUNDLE_IDENTIFIER = com.niwa.DataTraffic2.DataTraffic2Widget;
				PRODUCT_NAME = "$(TARGET_NAME)";
				SKIP_INSTALL = YES;
				SWIFT_EMIT_LOC_STRINGS = YES;
				SWIFT_VERSION = 5.0;
				TARGETED_DEVICE_FAMILY = "1,2";
			};
			name = Debug;
		};
		EBE5871128407673004B4C3E /* Release */ = {
			isa = XCBuildConfiguration;
			buildSettings = {
				ASSETCATALOG_COMPILER_GLOBAL_ACCENT_COLOR_NAME = AccentColor;
				ASSETCATALOG_COMPILER_WIDGET_BACKGROUND_COLOR_NAME = WidgetBackground;
				CODE_SIGN_ENTITLEMENTS = DataTraffic2WidgetExtension.entitlements;
				CODE_SIGN_STYLE = Automatic;
				CURRENT_PROJECT_VERSION = 1;
				DEVELOPMENT_TEAM = CZNP3969US;
				GENERATE_INFOPLIST_FILE = YES;
				INFOPLIST_FILE = DataTraffic2Widget/Info.plist;
				INFOPLIST_KEY_CFBundleDisplayName = DataTraffic2Widget;
				INFOPLIST_KEY_NSHumanReadableCopyright = "";
				LD_RUNPATH_SEARCH_PATHS = (
					"$(inherited)",
					"@executable_path/Frameworks",
					"@executable_path/../../Frameworks",
				);
				MARKETING_VERSION = 1.0;
				PRODUCT_BUNDLE_IDENTIFIER = com.niwa.DataTraffic2.DataTraffic2Widget;
				PRODUCT_NAME = "$(TARGET_NAME)";
				SKIP_INSTALL = YES;
				SWIFT_EMIT_LOC_STRINGS = YES;
				SWIFT_VERSION = 5.0;
				TARGETED_DEVICE_FAMILY = "1,2";
			};
			name = Release;
		};
/* End XCBuildConfiguration section */

/* Begin XCConfigurationList section */
		EBE586C7283C8DBB004B4C3E /* Build configuration list for PBXProject "DataTraffic2" */ = {
			isa = XCConfigurationList;
			buildConfigurations = (
				EBE586EE283C8DBF004B4C3E /* Debug */,
				EBE586EF283C8DBF004B4C3E /* Release */,
			);
			defaultConfigurationIsVisible = 0;
			defaultConfigurationName = Release;
		};
		EBE586F0283C8DBF004B4C3E /* Build configuration list for PBXNativeTarget "DataTraffic2" */ = {
			isa = XCConfigurationList;
			buildConfigurations = (
				EBE586F1283C8DBF004B4C3E /* Debug */,
				EBE586F2283C8DBF004B4C3E /* Release */,
			);
			defaultConfigurationIsVisible = 0;
			defaultConfigurationName = Release;
		};
		EBE586F3283C8DBF004B4C3E /* Build configuration list for PBXNativeTarget "DataTraffic2Tests" */ = {
			isa = XCConfigurationList;
			buildConfigurations = (
				EBE586F4283C8DBF004B4C3E /* Debug */,
				EBE586F5283C8DBF004B4C3E /* Release */,
			);
			defaultConfigurationIsVisible = 0;
			defaultConfigurationName = Release;
		};
		EBE586F6283C8DBF004B4C3E /* Build configuration list for PBXNativeTarget "DataTraffic2UITests" */ = {
			isa = XCConfigurationList;
			buildConfigurations = (
				EBE586F7283C8DBF004B4C3E /* Debug */,
				EBE586F8283C8DBF004B4C3E /* Release */,
			);
			defaultConfigurationIsVisible = 0;
			defaultConfigurationName = Release;
		};
		EBE5871228407673004B4C3E /* Build configuration list for PBXNativeTarget "DataTraffic2WidgetExtension" */ = {
			isa = XCConfigurationList;
			buildConfigurations = (
				EBE5871028407673004B4C3E /* Debug */,
				EBE5871128407673004B4C3E /* Release */,
			);
			defaultConfigurationIsVisible = 0;
			defaultConfigurationName = Release;
		};
/* End XCConfigurationList section */
	};
	rootObject = EBE586C4283C8DBB004B4C3E /* Project object */;
}
